
Microsoft Visual Studio Solution File, Format Version 12.00
# Visual Studio Version 17
VisualStudioVersion = 17.5.002.0
MinimumVisualStudioVersion = 10.0.40219.1
Project("{9A19103F-16F7-4668-BE54-9A1E7A4F7556}") = "API", "API.csproj", "{117E4E2A-63BC-4C05-BBA2-F6AFD3516F5B}"
EndProject
Global
	GlobalSection(SolutionConfigurationPlatforms) = preSolution
		Debug|Any CPU = Debug|Any CPU
		Release|Any CPU = Release|Any CPU
	EndGlobalSection
	GlobalSection(ProjectConfigurationPlatforms) = postSolution
		{117E4E2A-63BC-4C05-BBA2-F6AFD3516F5B}.Debug|Any CPU.ActiveCfg = Debug|Any CPU
		{117E4E2A-63BC-4C05-BBA2-F6AFD3516F5B}.Debug|Any CPU.Build.0 = Debug|Any CPU
		{117E4E2A-63BC-4C05-BBA2-F6AFD3516F5B}.Release|Any CPU.ActiveCfg = Release|Any CPU
		{117E4E2A-63BC-4C05-BBA2-F6AFD3516F5B}.Release|Any CPU.Build.0 = Release|Any CPU
	EndGlobalSection
	GlobalSection(SolutionProperties) = preSolution
		HideSolutionNode = FALSE
	EndGlobalSection
	GlobalSection(ExtensibilityGlobals) = postSolution
		SolutionGuid = {01170C11-DB44-423C-8743-10FB986048C5}
	EndGlobalSection
EndGlobal
